
Microsoft Visual Studio Solution File, Format Version 11.00
# Visual Studio 2010
Project("{FAE04EC0-301F-11D3-BF4B-00C04F79EFBC}") = "GGJHackaton2", "Assembly-CSharp.csproj", "{C19E0F48-1A91-EEA2-AD12-7C6F6FE835BB}"
EndProject
Global
	GlobalSection(SolutionConfigurationPlatforms) = preSolution
		Debug|Any CPU = Debug|Any CPU
		Release|Any CPU = Release|Any CPU
	EndGlobalSection
	GlobalSection(ProjectConfigurationPlatforms) = postSolution
		{C19E0F48-1A91-EEA2-AD12-7C6F6FE835BB}.Debug|Any CPU.ActiveCfg = Debug|Any CPU
		{C19E0F48-1A91-EEA2-AD12-7C6F6FE835BB}.Debug|Any CPU.Build.0 = Debug|Any CPU
		{C19E0F48-1A91-EEA2-AD12-7C6F6FE835BB}.Release|Any CPU.ActiveCfg = Release|Any CPU
		{C19E0F48-1A91-EEA2-AD12-7C6F6FE835BB}.Release|Any CPU.Build.0 = Release|Any CPU
	EndGlobalSection
	GlobalSection(SolutionProperties) = preSolution
		HideSolutionNode = FALSE
	EndGlobalSection
	GlobalSection(MonoDevelopProperties) = preSolution
		StartupItem = Assembly-CSharp.csproj
	EndGlobalSection
EndGlobal
